// !$*UTF8*$!
{
	archiveVersion = 1;
	classes = {
	};
	objectVersion = 77;
	objects = {

/* Begin PBXBuildFile section */
		01FD04D2AC2B2E343F8AFAA9 /* CartItem.swift in Sources */ = {isa = PBXBuildFile; fileRef = 10F51804310C42D9B0A07D81 /* CartItem.swift */; };
		083E6D88F1A5D035C6AFDE43 /* MockBooksDataSource.swift in Sources */ = {isa = PBXBuildFile; fileRef = 5E29F1A9F6F6D8B6C551BD80 /* MockBooksDataSource.swift */; };
		19108247550CE92A2C410488 /* BookDetailView.swift in Sources */ = {isa = PBXBuildFile; fileRef = 6224B366AA967B31942C23D3 /* BookDetailView.swift */; };
		222B39531FBE6E79225146FE /* GetFavoritesUseCase.swift in Sources */ = {isa = PBXBuildFile; fileRef = E14CA083C93C0B02A893B86E /* GetFavoritesUseCase.swift */; };
		25AA724C330058896B68B1E0 /* Assets.xcassets in Resources */ = {isa = PBXBuildFile; fileRef = 9B7C03230F1717E03B2ED93A /* Assets.xcassets */; };
		292DBCA21FD35CE1DBBC107D /* BookDetailViewModel.swift in Sources */ = {isa = PBXBuildFile; fileRef = 46A2EDA2C6533A1BB725797B /* BookDetailViewModel.swift */; };
		2B2D0EE660EFB12BFF058F30 /* CatalogViewModel.swift in Sources */ = {isa = PBXBuildFile; fileRef = 99641C5A6B47770A60872F82 /* CatalogViewModel.swift */; };
		319EFD286DC28F0643508F6D /* ToggleFavoriteUseCase.swift in Sources */ = {isa = PBXBuildFile; fileRef = DE0D6A1689FBD97D8AD3F7ED /* ToggleFavoriteUseCase.swift */; };
		35F623433C12B3DECEBFBECA /* BookStoreNetworkingKit.framework in Frameworks */ = {isa = PBXBuildFile; fileRef = 8CF3A0252E9FD849B98DA5CB /* BookStoreNetworkingKit.framework */; };
		40B06D108B79753C89B81EFA /* EmptyStateView.swift in Sources */ = {isa = PBXBuildFile; fileRef = ADA7C37F4914210FA76FA908 /* EmptyStateView.swift */; };
		483934BD2BEE92DC25FDEAFC /* RemoteBooksDataSource.swift in Sources */ = {isa = PBXBuildFile; fileRef = 2628A3E89A7879F8E9CC7C19 /* RemoteBooksDataSource.swift */; };
		4839A53DC799124D9F0F7461 /* BookStoreNetworkingKit.framework in Embed Frameworks */ = {isa = PBXBuildFile; fileRef = 8CF3A0252E9FD849B98DA5CB /* BookStoreNetworkingKit.framework */; settings = {ATTRIBUTES = (CodeSignOnCopy, RemoveHeadersOnCopy, ); }; };
		4BA61DA82EC15B5534BD352A /* BooksRepositoryProtocol.swift in Sources */ = {isa = PBXBuildFile; fileRef = 483C3311A261CA0B9F099E68 /* BooksRepositoryProtocol.swift */; };
		4CF6E000BA585C8AAF5EA2FB /* CartTotalUseCase.swift in Sources */ = {isa = PBXBuildFile; fileRef = 0C465B7F67BD71666497047B /* CartTotalUseCase.swift */; };
		77F254706685026B3D50DE92 /* LoadingView.swift in Sources */ = {isa = PBXBuildFile; fileRef = 1B923CD0BF1AD72F337FB60E /* LoadingView.swift */; };
		7ACD423D3AC4C63D1EC591CA /* BookStoreAppTests.swift in Sources */ = {isa = PBXBuildFile; fileRef = AA879265EC1570FB7CB38720 /* BookStoreAppTests.swift */; };
		7FD990FF9F3BADF9065E56A8 /* BookStoreApp.swift in Sources */ = {isa = PBXBuildFile; fileRef = BA741871637F27C6A0840515 /* BookStoreApp.swift */; };
		84090F77066F9131520A508F /* Book.swift in Sources */ = {isa = PBXBuildFile; fileRef = FF0956388AE669D1DEC3FB41 /* Book.swift */; };
		8DAD07A87C2B36BB5FA4625A /* CatalogView.swift in Sources */ = {isa = PBXBuildFile; fileRef = 0E8A5DB0FE47F707EFEF7498 /* CatalogView.swift */; };
		91C1FF34BCEC7921462C6115 /* BooksRepositoryImpl.swift in Sources */ = {isa = PBXBuildFile; fileRef = 6E663D510FAA68860D44812E /* BooksRepositoryImpl.swift */; };
		952ADEAAB85856FD6F88B03A /* AddToCartUseCase.swift in Sources */ = {isa = PBXBuildFile; fileRef = CA24C42872DC570FE435E05B /* AddToCartUseCase.swift */; };
		99B1C3930883672E97AB4A01 /* BookMapper.swift in Sources */ = {isa = PBXBuildFile; fileRef = 896B2F26AE1E72792DA8F99A /* BookMapper.swift */; };
		9D5D54D7233BE573119D6DE6 /* mock_books.json in Resources */ = {isa = PBXBuildFile; fileRef = BA8B594F15718FDAD36B9B10 /* mock_books.json */; };
		BB596354EF67F36FFA0CAA87 /* ErrorStateView.swift in Sources */ = {isa = PBXBuildFile; fileRef = EBF6857F82D5A62040E98FD4 /* ErrorStateView.swift */; };
		BF2EC0CFF968FF99383F4113 /* FavoritesRepositoryProtocol.swift in Sources */ = {isa = PBXBuildFile; fileRef = 72553D4328948EED1DA95D36 /* FavoritesRepositoryProtocol.swift */; };
		C0C9D51E1F0979EF373382DD /* ViewState.swift in Sources */ = {isa = PBXBuildFile; fileRef = 19D84E4D449F773712A75791 /* ViewState.swift */; };
		C65023A6970E39095EFDFA12 /* RemoveFromCartUseCase.swift in Sources */ = {isa = PBXBuildFile; fileRef = B358F03B4A7DD13217A1326B /* RemoveFromCartUseCase.swift */; };
		C8C3EA5AFFFA31E288889C2C /* InMemoryCartRepository.swift in Sources */ = {isa = PBXBuildFile; fileRef = F6D3F5FFEA30819528EEFE63 /* InMemoryCartRepository.swift */; };
		CBEF71BE124229AB135F1230 /* AppDependencyContainer.swift in Sources */ = {isa = PBXBuildFile; fileRef = 62BDE4C4A755D4A61893E424 /* AppDependencyContainer.swift */; };
		D0CA4502F4F6C471A8A1DF3C /* FavoritesRepositoryImpl.swift in Sources */ = {isa = PBXBuildFile; fileRef = 1AAFCDF8B07F0849FC9CD94D /* FavoritesRepositoryImpl.swift */; };
		E7C8A7E64E186CC25AD6CB4F /* BookRowView.swift in Sources */ = {isa = PBXBuildFile; fileRef = 4D0810338073070837E261D0 /* BookRowView.swift */; };
		EA3ED32AE9CA58F494D169BD /* GetBooksUseCase.swift in Sources */ = {isa = PBXBuildFile; fileRef = B12109917E72DE975AE5029B /* GetBooksUseCase.swift */; };
		F166693585260C02075B028D /* CartRepositoryProtocol.swift in Sources */ = {isa = PBXBuildFile; fileRef = EFC4BADBAA5C312B21862FAC /* CartRepositoryProtocol.swift */; };
/* End PBXBuildFile section */

/* Begin PBXContainerItemProxy section */
		1CC75ADE5C4A302D0E31A31C /* PBXContainerItemProxy */ = {
			isa = PBXContainerItemProxy;
			containerPortal = 80E55E1608D576D77246F7F2 /* BookStoreNetworkingKit */;
			proxyType = 2;
			remoteGlobalIDString = D431CB2B887841456F734A6D;
			remoteInfo = BookStoreNetworkingKit;
		};
		6B43AD70ACE40F1C61CCEC41 /* PBXContainerItemProxy */ = {
			isa = PBXContainerItemProxy;
			containerPortal = 80E55E1608D576D77246F7F2 /* BookStoreNetworkingKit */;
			proxyType = 1;
			remoteGlobalIDString = B1E2F8E8F4CD51970360E064;
			remoteInfo = BookStoreNetworkingKit;
		};
		D27DFA71949A696554527612 /* PBXContainerItemProxy */ = {
			isa = PBXContainerItemProxy;
			containerPortal = B02E318B5CD14D5E4CA28471 /* Project object */;
			proxyType = 1;
			remoteGlobalIDString = AC7BA3F78B583CEF7FC996E2;
			remoteInfo = BookStore;
		};
/* End PBXContainerItemProxy section */

/* Begin PBXCopyFilesBuildPhase section */
		85B08D2D0F22F71530B7F8B1 /* Embed Frameworks */ = {
			isa = PBXCopyFilesBuildPhase;
			buildActionMask = 2147483647;
			dstPath = "";
			dstSubfolderSpec = 10;
			files = (
				4839A53DC799124D9F0F7461 /* BookStoreNetworkingKit.framework in Embed Frameworks */,
			);
			name = "Embed Frameworks";
			runOnlyForDeploymentPostprocessing = 0;
		};
/* End PBXCopyFilesBuildPhase section */

/* Begin PBXFileReference section */
		0C465B7F67BD71666497047B /* CartTotalUseCase.swift */ = {isa = PBXFileReference; lastKnownFileType = sourcecode.swift; path = CartTotalUseCase.swift; sourceTree = "<group>"; };
		0E8A5DB0FE47F707EFEF7498 /* CatalogView.swift */ = {isa = PBXFileReference; lastKnownFileType = sourcecode.swift; path = CatalogView.swift; sourceTree = "<group>"; };
		10F51804310C42D9B0A07D81 /* CartItem.swift */ = {isa = PBXFileReference; lastKnownFileType = sourcecode.swift; path = CartItem.swift; sourceTree = "<group>"; };
		19D84E4D449F773712A75791 /* ViewState.swift */ = {isa = PBXFileReference; lastKnownFileType = sourcecode.swift; path = ViewState.swift; sourceTree = "<group>"; };
		1AAFCDF8B07F0849FC9CD94D /* FavoritesRepositoryImpl.swift */ = {isa = PBXFileReference; lastKnownFileType = sourcecode.swift; path = FavoritesRepositoryImpl.swift; sourceTree = "<group>"; };
		1B923CD0BF1AD72F337FB60E /* LoadingView.swift */ = {isa = PBXFileReference; lastKnownFileType = sourcecode.swift; path = LoadingView.swift; sourceTree = "<group>"; };
		2628A3E89A7879F8E9CC7C19 /* RemoteBooksDataSource.swift */ = {isa = PBXFileReference; lastKnownFileType = sourcecode.swift; path = RemoteBooksDataSource.swift; sourceTree = "<group>"; };
		436D5240FDC26BF353A5FF00 /* BookStoreTests.xctest */ = {isa = PBXFileReference; includeInIndex = 0; lastKnownFileType = wrapper.cfbundle; path = BookStoreTests.xctest; sourceTree = BUILT_PRODUCTS_DIR; };
		46A2EDA2C6533A1BB725797B /* BookDetailViewModel.swift */ = {isa = PBXFileReference; lastKnownFileType = sourcecode.swift; path = BookDetailViewModel.swift; sourceTree = "<group>"; };
		483C3311A261CA0B9F099E68 /* BooksRepositoryProtocol.swift */ = {isa = PBXFileReference; lastKnownFileType = sourcecode.swift; path = BooksRepositoryProtocol.swift; sourceTree = "<group>"; };
		4D0810338073070837E261D0 /* BookRowView.swift */ = {isa = PBXFileReference; lastKnownFileType = sourcecode.swift; path = BookRowView.swift; sourceTree = "<group>"; };
		5E29F1A9F6F6D8B6C551BD80 /* MockBooksDataSource.swift */ = {isa = PBXFileReference; lastKnownFileType = sourcecode.swift; path = MockBooksDataSource.swift; sourceTree = "<group>"; };
		6224B366AA967B31942C23D3 /* BookDetailView.swift */ = {isa = PBXFileReference; lastKnownFileType = sourcecode.swift; path = BookDetailView.swift; sourceTree = "<group>"; };
		62BDE4C4A755D4A61893E424 /* AppDependencyContainer.swift */ = {isa = PBXFileReference; lastKnownFileType = sourcecode.swift; path = AppDependencyContainer.swift; sourceTree = "<group>"; };
		6E663D510FAA68860D44812E /* BooksRepositoryImpl.swift */ = {isa = PBXFileReference; lastKnownFileType = sourcecode.swift; path = BooksRepositoryImpl.swift; sourceTree = "<group>"; };
		72553D4328948EED1DA95D36 /* FavoritesRepositoryProtocol.swift */ = {isa = PBXFileReference; lastKnownFileType = sourcecode.swift; path = FavoritesRepositoryProtocol.swift; sourceTree = "<group>"; };
		80E55E1608D576D77246F7F2 /* BookStoreNetworkingKit */ = {isa = PBXFileReference; lastKnownFileType = "wrapper.pb-project"; name = BookStoreNetworkingKit; path = BookStoreNetworkingKit/BookStoreNetworkingKit.xcodeproj; sourceTree = "<group>"; };
		896B2F26AE1E72792DA8F99A /* BookMapper.swift */ = {isa = PBXFileReference; lastKnownFileType = sourcecode.swift; path = BookMapper.swift; sourceTree = "<group>"; };
		99641C5A6B47770A60872F82 /* CatalogViewModel.swift */ = {isa = PBXFileReference; lastKnownFileType = sourcecode.swift; path = CatalogViewModel.swift; sourceTree = "<group>"; };
		9B7C03230F1717E03B2ED93A /* Assets.xcassets */ = {isa = PBXFileReference; lastKnownFileType = folder.assetcatalog; path = Assets.xcassets; sourceTree = "<group>"; };
		AA879265EC1570FB7CB38720 /* BookStoreAppTests.swift */ = {isa = PBXFileReference; lastKnownFileType = sourcecode.swift; path = BookStoreAppTests.swift; sourceTree = "<group>"; };
		ADA7C37F4914210FA76FA908 /* EmptyStateView.swift */ = {isa = PBXFileReference; lastKnownFileType = sourcecode.swift; path = EmptyStateView.swift; sourceTree = "<group>"; };
		B12109917E72DE975AE5029B /* GetBooksUseCase.swift */ = {isa = PBXFileReference; lastKnownFileType = sourcecode.swift; path = GetBooksUseCase.swift; sourceTree = "<group>"; };
		B358F03B4A7DD13217A1326B /* RemoveFromCartUseCase.swift */ = {isa = PBXFileReference; lastKnownFileType = sourcecode.swift; path = RemoveFromCartUseCase.swift; sourceTree = "<group>"; };
		BA741871637F27C6A0840515 /* BookStoreApp.swift */ = {isa = PBXFileReference; lastKnownFileType = sourcecode.swift; path = BookStoreApp.swift; sourceTree = "<group>"; };
		BA8B594F15718FDAD36B9B10 /* mock_books.json */ = {isa = PBXFileReference; lastKnownFileType = text.json; path = mock_books.json; sourceTree = "<group>"; };
		CA24C42872DC570FE435E05B /* AddToCartUseCase.swift */ = {isa = PBXFileReference; lastKnownFileType = sourcecode.swift; path = AddToCartUseCase.swift; sourceTree = "<group>"; };
		D9D68EA0AB1E1C6BC3A9AC95 /* Generated-Info.plist */ = {isa = PBXFileReference; lastKnownFileType = text.plist; path = "Generated-Info.plist"; sourceTree = "<group>"; };
		DE0D6A1689FBD97D8AD3F7ED /* ToggleFavoriteUseCase.swift */ = {isa = PBXFileReference; lastKnownFileType = sourcecode.swift; path = ToggleFavoriteUseCase.swift; sourceTree = "<group>"; };
		E14CA083C93C0B02A893B86E /* GetFavoritesUseCase.swift */ = {isa = PBXFileReference; lastKnownFileType = sourcecode.swift; path = GetFavoritesUseCase.swift; sourceTree = "<group>"; };
		EBF6857F82D5A62040E98FD4 /* ErrorStateView.swift */ = {isa = PBXFileReference; lastKnownFileType = sourcecode.swift; path = ErrorStateView.swift; sourceTree = "<group>"; };
		EFC4BADBAA5C312B21862FAC /* CartRepositoryProtocol.swift */ = {isa = PBXFileReference; lastKnownFileType = sourcecode.swift; path = CartRepositoryProtocol.swift; sourceTree = "<group>"; };
		F24AA2D3B9B3239F616A1E32 /* BookStore.app */ = {isa = PBXFileReference; includeInIndex = 0; lastKnownFileType = wrapper.application; path = BookStore.app; sourceTree = BUILT_PRODUCTS_DIR; };
		F6D3F5FFEA30819528EEFE63 /* InMemoryCartRepository.swift */ = {isa = PBXFileReference; lastKnownFileType = sourcecode.swift; path = InMemoryCartRepository.swift; sourceTree = "<group>"; };
		FF0956388AE669D1DEC3FB41 /* Book.swift */ = {isa = PBXFileReference; lastKnownFileType = sourcecode.swift; path = Book.swift; sourceTree = "<group>"; };
/* End PBXFileReference section */

/* Begin PBXFrameworksBuildPhase section */
		64B531BC12E8746E690ECFE5 /* Frameworks */ = {
			isa = PBXFrameworksBuildPhase;
			buildActionMask = 2147483647;
			files = (
				35F623433C12B3DECEBFBECA /* BookStoreNetworkingKit.framework in Frameworks */,
			);
			runOnlyForDeploymentPostprocessing = 0;
		};
/* End PBXFrameworksBuildPhase section */

/* Begin PBXGroup section */
		09719C79E548EF706611DFD4 /* App */ = {
			isa = PBXGroup;
			children = (
				62BDE4C4A755D4A61893E424 /* AppDependencyContainer.swift */,
				BA741871637F27C6A0840515 /* BookStoreApp.swift */,
				D9D68EA0AB1E1C6BC3A9AC95 /* Generated-Info.plist */,
			);
			path = App;
			sourceTree = "<group>";
		};
		0FECE9F28C17BCE5BB19DB63 /* Products */ = {
			isa = PBXGroup;
			children = (
				8CF3A0252E9FD849B98DA5CB /* BookStoreNetworkingKit.framework */,
			);
			name = Products;
			sourceTree = "<group>";
		};
		19B7F430CE635477CF8AC610 /* Detail */ = {
			isa = PBXGroup;
			children = (
				6224B366AA967B31942C23D3 /* BookDetailView.swift */,
				46A2EDA2C6533A1BB725797B /* BookDetailViewModel.swift */,
			);
			path = Detail;
			sourceTree = "<group>";
		};
		19E3E54BE2B6AB41731FA77E /* UseCases */ = {
			isa = PBXGroup;
			children = (
				CA24C42872DC570FE435E05B /* AddToCartUseCase.swift */,
				0C465B7F67BD71666497047B /* CartTotalUseCase.swift */,
				B12109917E72DE975AE5029B /* GetBooksUseCase.swift */,
				E14CA083C93C0B02A893B86E /* GetFavoritesUseCase.swift */,
				B358F03B4A7DD13217A1326B /* RemoveFromCartUseCase.swift */,
				DE0D6A1689FBD97D8AD3F7ED /* ToggleFavoriteUseCase.swift */,
			);
			path = UseCases;
			sourceTree = "<group>";
		};
		1E2B8BD52EDB6A8CE4012EC3 /* Data */ = {
			isa = PBXGroup;
			children = (
				A211AFC09D39C0621F7E4E34 /* DataSources */,
				F646EBBB405D49E7BE9455C3 /* Mappers */,
				EB12CCBBE3D0B00CD865BC0B /* Repositories */,
			);
			path = Data;
			sourceTree = "<group>";
		};
		28BDEEEAE3C3764C8A0DED27 /* BookStoreTests */ = {
			isa = PBXGroup;
			children = (
				AA879265EC1570FB7CB38720 /* BookStoreAppTests.swift */,
			);
			path = BookStoreTests;
			sourceTree = "<group>";
		};
		2BD068721C905A5E3C35A98C /* Common */ = {
			isa = PBXGroup;
			children = (
				ADA7C37F4914210FA76FA908 /* EmptyStateView.swift */,
				EBF6857F82D5A62040E98FD4 /* ErrorStateView.swift */,
				1B923CD0BF1AD72F337FB60E /* LoadingView.swift */,
			);
			path = Common;
			sourceTree = "<group>";
		};
		3FB6F0CC70541C24AF0F017B /* Repositories */ = {
			isa = PBXGroup;
			children = (
				483C3311A261CA0B9F099E68 /* BooksRepositoryProtocol.swift */,
				EFC4BADBAA5C312B21862FAC /* CartRepositoryProtocol.swift */,
				72553D4328948EED1DA95D36 /* FavoritesRepositoryProtocol.swift */,
			);
			path = Repositories;
			sourceTree = "<group>";
		};
		45A93BA2E772D0584ADC3198 /* Local */ = {
			isa = PBXGroup;
			children = (
				5E29F1A9F6F6D8B6C551BD80 /* MockBooksDataSource.swift */,
			);
			path = Local;
			sourceTree = "<group>";
		};
		5AF2F9E5AC6D459DD8D3547E /* Remote */ = {
			isa = PBXGroup;
			children = (
				2628A3E89A7879F8E9CC7C19 /* RemoteBooksDataSource.swift */,
			);
			path = Remote;
			sourceTree = "<group>";
		};
		7449880BA4ABBEFF7CCF1A08 /* Domain */ = {
			isa = PBXGroup;
			children = (
				90088471464EEE497B2B3F14 /* Entities */,
				3FB6F0CC70541C24AF0F017B /* Repositories */,
				19E3E54BE2B6AB41731FA77E /* UseCases */,
			);
			path = Domain;
			sourceTree = "<group>";
		};
		766F417DCEA80E1E93C1EBCC /* BookStore */ = {
			isa = PBXGroup;
			children = (
				09719C79E548EF706611DFD4 /* App */,
				1E2B8BD52EDB6A8CE4012EC3 /* Data */,
				7449880BA4ABBEFF7CCF1A08 /* Domain */,
				890DE42FDA5EDE4B6C7EC3EA /* Presentation */,
				DDED089EE3E370AD382A2AB2 /* Resources */,
			);
			path = BookStore;
			sourceTree = "<group>";
		};
		890DE42FDA5EDE4B6C7EC3EA /* Presentation */ = {
			isa = PBXGroup;
			children = (
				9122E32BB50E0664939B80F0 /* Catalog */,
				2BD068721C905A5E3C35A98C /* Common */,
				19B7F430CE635477CF8AC610 /* Detail */,
			);
			path = Presentation;
			sourceTree = "<group>";
		};
		90088471464EEE497B2B3F14 /* Entities */ = {
			isa = PBXGroup;
			children = (
				FF0956388AE669D1DEC3FB41 /* Book.swift */,
				10F51804310C42D9B0A07D81 /* CartItem.swift */,
				19D84E4D449F773712A75791 /* ViewState.swift */,
			);
			path = Entities;
			sourceTree = "<group>";
		};
		9122E32BB50E0664939B80F0 /* Catalog */ = {
			isa = PBXGroup;
			children = (
				4D0810338073070837E261D0 /* BookRowView.swift */,
				0E8A5DB0FE47F707EFEF7498 /* CatalogView.swift */,
				99641C5A6B47770A60872F82 /* CatalogViewModel.swift */,
			);
			path = Catalog;
			sourceTree = "<group>";
		};
		A211AFC09D39C0621F7E4E34 /* DataSources */ = {
			isa = PBXGroup;
			children = (
				45A93BA2E772D0584ADC3198 /* Local */,
				5AF2F9E5AC6D459DD8D3547E /* Remote */,
			);
			path = DataSources;
			sourceTree = "<group>";
		};
		B6C43CD07D483DA8B2EEE102 /* Projects */ = {
			isa = PBXGroup;
			children = (
				80E55E1608D576D77246F7F2 /* BookStoreNetworkingKit */,
			);
			name = Projects;
			sourceTree = "<group>";
		};
		DDED089EE3E370AD382A2AB2 /* Resources */ = {
			isa = PBXGroup;
			children = (
				9B7C03230F1717E03B2ED93A /* Assets.xcassets */,
				BA8B594F15718FDAD36B9B10 /* mock_books.json */,
			);
			path = Resources;
			sourceTree = "<group>";
		};
		E1519DDB9675C467CBF690BF = {
			isa = PBXGroup;
			children = (
				766F417DCEA80E1E93C1EBCC /* BookStore */,
				28BDEEEAE3C3764C8A0DED27 /* BookStoreTests */,
				ECE71C334D28471EA6295F6F /* Products */,
				B6C43CD07D483DA8B2EEE102 /* Projects */,
			);
			sourceTree = "<group>";
		};
		EB12CCBBE3D0B00CD865BC0B /* Repositories */ = {
			isa = PBXGroup;
			children = (
				6E663D510FAA68860D44812E /* BooksRepositoryImpl.swift */,
				1AAFCDF8B07F0849FC9CD94D /* FavoritesRepositoryImpl.swift */,
				F6D3F5FFEA30819528EEFE63 /* InMemoryCartRepository.swift */,
			);
			path = Repositories;
			sourceTree = "<group>";
		};
		ECE71C334D28471EA6295F6F /* Products */ = {
			isa = PBXGroup;
			children = (
				F24AA2D3B9B3239F616A1E32 /* BookStore.app */,
				436D5240FDC26BF353A5FF00 /* BookStoreTests.xctest */,
			);
			name = Products;
			sourceTree = "<group>";
		};
		F646EBBB405D49E7BE9455C3 /* Mappers */ = {
			isa = PBXGroup;
			children = (
				896B2F26AE1E72792DA8F99A /* BookMapper.swift */,
			);
			path = Mappers;
			sourceTree = "<group>";
		};
/* End PBXGroup section */

/* Begin PBXNativeTarget section */
		AC7BA3F78B583CEF7FC996E2 /* BookStore */ = {
			isa = PBXNativeTarget;
			buildConfigurationList = D2643D82EC3B2640ADC339F2 /* Build configuration list for PBXNativeTarget "BookStore" */;
			buildPhases = (
				A8F4D3F6FC6A5B609CBB88B5 /* Sources */,
				7A1A7937C02558EBD0607059 /* Resources */,
				64B531BC12E8746E690ECFE5 /* Frameworks */,
				85B08D2D0F22F71530B7F8B1 /* Embed Frameworks */,
			);
			buildRules = (
			);
			dependencies = (
				639D4E3535DE7EF59961DC1E /* PBXTargetDependency */,
			);
			name = BookStore;
			packageProductDependencies = (
			);
			productName = BookStore;
			productReference = F24AA2D3B9B3239F616A1E32 /* BookStore.app */;
			productType = "com.apple.product-type.application";
		};
		CD1C886B6CA25985868E4A26 /* BookStoreTests */ = {
			isa = PBXNativeTarget;
			buildConfigurationList = FC17C99418B49FD57977BD71 /* Build configuration list for PBXNativeTarget "BookStoreTests" */;
			buildPhases = (
				6213742087AA3C61ABB2847F /* Sources */,
			);
			buildRules = (
			);
			dependencies = (
				7404C61368977F847B9463DB /* PBXTargetDependency */,
			);
			name = BookStoreTests;
			packageProductDependencies = (
			);
			productName = BookStoreTests;
			productReference = 436D5240FDC26BF353A5FF00 /* BookStoreTests.xctest */;
			productType = "com.apple.product-type.bundle.unit-test";
		};
/* End PBXNativeTarget section */

/* Begin PBXProject section */
		B02E318B5CD14D5E4CA28471 /* Project object */ = {
			isa = PBXProject;
			attributes = {
				BuildIndependentTargetsInParallel = YES;
				LastUpgradeCheck = 1430;
				TargetAttributes = {
					AC7BA3F78B583CEF7FC996E2 = {
						DevelopmentTeam = "";
					};
					CD1C886B6CA25985868E4A26 = {
						DevelopmentTeam = "";
					};
				};
			};
			buildConfigurationList = EE4B2603BA779DC73E3F556B /* Build configuration list for PBXProject "BookStore" */;
			developmentRegion = en;
			hasScannedForEncodings = 0;
			knownRegions = (
				Base,
				en,
			);
			mainGroup = E1519DDB9675C467CBF690BF;
			minimizedProjectReferenceProxies = 1;
			preferredProjectObjectVersion = 77;
			productRefGroup = ECE71C334D28471EA6295F6F /* Products */;
			projectDirPath = "";
			projectReferences = (
				{
					ProductGroup = 0FECE9F28C17BCE5BB19DB63 /* Products */;
					ProjectRef = 80E55E1608D576D77246F7F2 /* BookStoreNetworkingKit */;
				},
			);
			projectRoot = "";
			targets = (
				AC7BA3F78B583CEF7FC996E2 /* BookStore */,
				CD1C886B6CA25985868E4A26 /* BookStoreTests */,
			);
		};
/* End PBXProject section */

/* Begin PBXReferenceProxy section */
		8CF3A0252E9FD849B98DA5CB /* BookStoreNetworkingKit.framework */ = {
			isa = PBXReferenceProxy;
			fileType = wrapper.framework;
			path = BookStoreNetworkingKit.framework;
			remoteRef = 1CC75ADE5C4A302D0E31A31C /* PBXContainerItemProxy */;
			sourceTree = BUILT_PRODUCTS_DIR;
		};
/* End PBXReferenceProxy section */

/* Begin PBXResourcesBuildPhase section */
		7A1A7937C02558EBD0607059 /* Resources */ = {
			isa = PBXResourcesBuildPhase;
			buildActionMask = 2147483647;
			files = (
				25AA724C330058896B68B1E0 /* Assets.xcassets in Resources */,
				9D5D54D7233BE573119D6DE6 /* mock_books.json in Resources */,
			);
			runOnlyForDeploymentPostprocessing = 0;
		};
/* End PBXResourcesBuildPhase section */

/* Begin PBXSourcesBuildPhase section */
		6213742087AA3C61ABB2847F /* Sources */ = {
			isa = PBXSourcesBuildPhase;
			buildActionMask = 2147483647;
			files = (
				7ACD423D3AC4C63D1EC591CA /* BookStoreAppTests.swift in Sources */,
			);
			runOnlyForDeploymentPostprocessing = 0;
		};
		A8F4D3F6FC6A5B609CBB88B5 /* Sources */ = {
			isa = PBXSourcesBuildPhase;
			buildActionMask = 2147483647;
			files = (
				952ADEAAB85856FD6F88B03A /* AddToCartUseCase.swift in Sources */,
				CBEF71BE124229AB135F1230 /* AppDependencyContainer.swift in Sources */,
				84090F77066F9131520A508F /* Book.swift in Sources */,
				19108247550CE92A2C410488 /* BookDetailView.swift in Sources */,
				292DBCA21FD35CE1DBBC107D /* BookDetailViewModel.swift in Sources */,
				99B1C3930883672E97AB4A01 /* BookMapper.swift in Sources */,
				E7C8A7E64E186CC25AD6CB4F /* BookRowView.swift in Sources */,
				7FD990FF9F3BADF9065E56A8 /* BookStoreApp.swift in Sources */,
				91C1FF34BCEC7921462C6115 /* BooksRepositoryImpl.swift in Sources */,
				4BA61DA82EC15B5534BD352A /* BooksRepositoryProtocol.swift in Sources */,
				01FD04D2AC2B2E343F8AFAA9 /* CartItem.swift in Sources */,
				F166693585260C02075B028D /* CartRepositoryProtocol.swift in Sources */,
				4CF6E000BA585C8AAF5EA2FB /* CartTotalUseCase.swift in Sources */,
				8DAD07A87C2B36BB5FA4625A /* CatalogView.swift in Sources */,
				2B2D0EE660EFB12BFF058F30 /* CatalogViewModel.swift in Sources */,
				40B06D108B79753C89B81EFA /* EmptyStateView.swift in Sources */,
				BB596354EF67F36FFA0CAA87 /* ErrorStateView.swift in Sources */,
				D0CA4502F4F6C471A8A1DF3C /* FavoritesRepositoryImpl.swift in Sources */,
				BF2EC0CFF968FF99383F4113 /* FavoritesRepositoryProtocol.swift in Sources */,
				EA3ED32AE9CA58F494D169BD /* GetBooksUseCase.swift in Sources */,
				222B39531FBE6E79225146FE /* GetFavoritesUseCase.swift in Sources */,
				C8C3EA5AFFFA31E288889C2C /* InMemoryCartRepository.swift in Sources */,
				77F254706685026B3D50DE92 /* LoadingView.swift in Sources */,
				083E6D88F1A5D035C6AFDE43 /* MockBooksDataSource.swift in Sources */,
				483934BD2BEE92DC25FDEAFC /* RemoteBooksDataSource.swift in Sources */,
				C65023A6970E39095EFDFA12 /* RemoveFromCartUseCase.swift in Sources */,
				319EFD286DC28F0643508F6D /* ToggleFavoriteUseCase.swift in Sources */,
				C0C9D51E1F0979EF373382DD /* ViewState.swift in Sources */,
			);
			runOnlyForDeploymentPostprocessing = 0;
		};
/* End PBXSourcesBuildPhase section */

/* Begin PBXTargetDependency section */
		639D4E3535DE7EF59961DC1E /* PBXTargetDependency */ = {
			isa = PBXTargetDependency;
			name = BookStoreNetworkingKit;
			targetProxy = 6B43AD70ACE40F1C61CCEC41 /* PBXContainerItemProxy */;
		};
		7404C61368977F847B9463DB /* PBXTargetDependency */ = {
			isa = PBXTargetDependency;
			target = AC7BA3F78B583CEF7FC996E2 /* BookStore */;
			targetProxy = D27DFA71949A696554527612 /* PBXContainerItemProxy */;
		};
/* End PBXTargetDependency section */

/* Begin XCBuildConfiguration section */
		01E8D8BDBB70D60FF3E8D6DA /* Debug */ = {
			isa = XCBuildConfiguration;
			buildSettings = {
				BUNDLE_LOADER = "$(TEST_HOST)";
				GENERATE_INFOPLIST_FILE = YES;
				LD_RUNPATH_SEARCH_PATHS = (
					"$(inherited)",
					"@executable_path/Frameworks",
					"@loader_path/Frameworks",
				);
				PRODUCT_BUNDLE_IDENTIFIER = com.slopezg96.bookstore.tests;
				SDKROOT = iphoneos;
				TARGETED_DEVICE_FAMILY = "1,2";
				TEST_HOST = "$(BUILT_PRODUCTS_DIR)/BookStore.app/BookStore";
			};
			name = Debug;
		};
		09DDF82E40D1A89120154364 /* Release */ = {
			isa = XCBuildConfiguration;
			buildSettings = {
				ASSETCATALOG_COMPILER_APPICON_NAME = AppIcon;
				CODE_SIGN_IDENTITY = "iPhone Developer";
				CURRENT_PROJECT_VERSION = 1;
				GENERATE_INFOPLIST_FILE = YES;
				INFOPLIST_FILE = "BookStore/App/Generated-Info.plist";
				INFOPLIST_KEY_UILaunchScreen_Generation = YES;
				INFOPLIST_KEY_UISupportedInterfaceOrientations = UIInterfaceOrientationPortrait;
				LD_RUNPATH_SEARCH_PATHS = (
					"$(inherited)",
					"@executable_path/Frameworks",
				);
				MARKETING_VERSION = 1.0;
				PRODUCT_BUNDLE_IDENTIFIER = com.slopezg96.bookstore;
				SDKROOT = iphoneos;
				TARGETED_DEVICE_FAMILY = 1;
			};
			name = Release;
		};
		3CA84988365C50E201131F64 /* Debug */ = {
			isa = XCBuildConfiguration;
			buildSettings = {
				ASSETCATALOG_COMPILER_APPICON_NAME = AppIcon;
				CODE_SIGN_IDENTITY = "iPhone Developer";
				CURRENT_PROJECT_VERSION = 1;
				GENERATE_INFOPLIST_FILE = YES;
				INFOPLIST_FILE = "BookStore/App/Generated-Info.plist";
				INFOPLIST_KEY_UILaunchScreen_Generation = YES;
				INFOPLIST_KEY_UISupportedInterfaceOrientations = UIInterfaceOrientationPortrait;
				LD_RUNPATH_SEARCH_PATHS = (
					"$(inherited)",
					"@executable_path/Frameworks",
				);
				MARKETING_VERSION = 1.0;
				PRODUCT_BUNDLE_IDENTIFIER = com.slopezg96.bookstore;
				SDKROOT = iphoneos;
				TARGETED_DEVICE_FAMILY = 1;
			};
			name = Debug;
		};
		58B8ADCB3AF523983B99E02A /* Release */ = {
			isa = XCBuildConfiguration;
			buildSettings = {
				BUNDLE_LOADER = "$(TEST_HOST)";
				GENERATE_INFOPLIST_FILE = YES;
				LD_RUNPATH_SEARCH_PATHS = (
					"$(inherited)",
					"@executable_path/Frameworks",
					"@loader_path/Frameworks",
				);
				PRODUCT_BUNDLE_IDENTIFIER = com.slopezg96.bookstore.tests;
				SDKROOT = iphoneos;
				TARGETED_DEVICE_FAMILY = "1,2";
				TEST_HOST = "$(BUILT_PRODUCTS_DIR)/BookStore.app/BookStore";
			};
			name = Release;
		};
		9A95CC25B1C139A4A5ADB52D /* Debug */ = {
			isa = XCBuildConfiguration;
			buildSettings = {
				ALWAYS_SEARCH_USER_PATHS = NO;
				CLANG_ANALYZER_NONNULL = YES;
				CLANG_ANALYZER_NUMBER_OBJECT_CONVERSION = YES_AGGRESSIVE;
				CLANG_CXX_LANGUAGE_STANDARD = "gnu++14";
				CLANG_CXX_LIBRARY = "libc++";
				CLANG_ENABLE_MODULES = YES;
				CLANG_ENABLE_OBJC_ARC = YES;
				CLANG_ENABLE_OBJC_WEAK = YES;
				CLANG_WARN_BLOCK_CAPTURE_AUTORELEASING = YES;
				CLANG_WARN_BOOL_CONVERSION = YES;
				CLANG_WARN_COMMA = YES;
				CLANG_WARN_CONSTANT_CONVERSION = YES;
				CLANG_WARN_DEPRECATED_OBJC_IMPLEMENTATIONS = YES;
				CLANG_WARN_DIRECT_OBJC_ISA_USAGE = YES_ERROR;
				CLANG_WARN_DOCUMENTATION_COMMENTS = YES;
				CLANG_WARN_EMPTY_BODY = YES;
				CLANG_WARN_ENUM_CONVERSION = YES;
				CLANG_WARN_INFINITE_RECURSION = YES;
				CLANG_WARN_INT_CONVERSION = YES;
				CLANG_WARN_NON_LITERAL_NULL_CONVERSION = YES;
				CLANG_WARN_OBJC_IMPLICIT_RETAIN_SELF = YES;
				CLANG_WARN_OBJC_LITERAL_CONVERSION = YES;
				CLANG_WARN_OBJC_ROOT_CLASS = YES_ERROR;
				CLANG_WARN_QUOTED_INCLUDE_IN_FRAMEWORK_HEADER = YES;
				CLANG_WARN_RANGE_LOOP_ANALYSIS = YES;
				CLANG_WARN_STRICT_PROTOTYPES = YES;
				CLANG_WARN_SUSPICIOUS_MOVE = YES;
				CLANG_WARN_UNGUARDED_AVAILABILITY = YES_AGGRESSIVE;
				CLANG_WARN_UNREACHABLE_CODE = YES;
				CLANG_WARN__DUPLICATE_METHOD_MATCH = YES;
				CODE_SIGNING_ALLOWED = NO;
				CODE_SIGNING_REQUIRED = NO;
				CODE_SIGN_IDENTITY = "";
				COPY_PHASE_STRIP = NO;
				DEBUG_INFORMATION_FORMAT = dwarf;
				DEVELOPMENT_TEAM = "";
				ENABLE_STRICT_OBJC_MSGSEND = YES;
				ENABLE_TESTABILITY = YES;
				GCC_C_LANGUAGE_STANDARD = gnu11;
				GCC_DYNAMIC_NO_PIC = NO;
				GCC_NO_COMMON_BLOCKS = YES;
				GCC_OPTIMIZATION_LEVEL = 0;
				GCC_PREPROCESSOR_DEFINITIONS = (
					"$(inherited)",
					"DEBUG=1",
				);
				GCC_WARN_64_TO_32_BIT_CONVERSION = YES;
				GCC_WARN_ABOUT_RETURN_TYPE = YES_ERROR;
				GCC_WARN_UNDECLARED_SELECTOR = YES;
				GCC_WARN_UNINITIALIZED_AUTOS = YES_AGGRESSIVE;
				GCC_WARN_UNUSED_FUNCTION = YES;
				GCC_WARN_UNUSED_VARIABLE = YES;
				IPHONEOS_DEPLOYMENT_TARGET = 16.0;
				MTL_ENABLE_DEBUG_INFO = INCLUDE_SOURCE;
				MTL_FAST_MATH = YES;
				ONLY_ACTIVE_ARCH = YES;
				PRODUCT_NAME = "$(TARGET_NAME)";
				SDKROOT = iphoneos;
				SWIFT_ACTIVE_COMPILATION_CONDITIONS = DEBUG;
				SWIFT_OPTIMIZATION_LEVEL = "-Onone";
				SWIFT_VERSION = 5.0;
			};
			name = Debug;
		};
		B7E6A2E9ACE6966F88BECE6D /* Release */ = {
			isa = XCBuildConfiguration;
			buildSettings = {
				ALWAYS_SEARCH_USER_PATHS = NO;
				CLANG_ANALYZER_NONNULL = YES;
				CLANG_ANALYZER_NUMBER_OBJECT_CONVERSION = YES_AGGRESSIVE;
				CLANG_CXX_LANGUAGE_STANDARD = "gnu++14";
				CLANG_CXX_LIBRARY = "libc++";
				CLANG_ENABLE_MODULES = YES;
				CLANG_ENABLE_OBJC_ARC = YES;
				CLANG_ENABLE_OBJC_WEAK = YES;
				CLANG_WARN_BLOCK_CAPTURE_AUTORELEASING = YES;
				CLANG_WARN_BOOL_CONVERSION = YES;
				CLANG_WARN_COMMA = YES;
				CLANG_WARN_CONSTANT_CONVERSION = YES;
				CLANG_WARN_DEPRECATED_OBJC_IMPLEMENTATIONS = YES;
				CLANG_WARN_DIRECT_OBJC_ISA_USAGE = YES_ERROR;
				CLANG_WARN_DOCUMENTATION_COMMENTS = YES;
				CLANG_WARN_EMPTY_BODY = YES;
				CLANG_WARN_ENUM_CONVERSION = YES;
				CLANG_WARN_INFINITE_RECURSION = YES;
				CLANG_WARN_INT_CONVERSION = YES;
				CLANG_WARN_NON_LITERAL_NULL_CONVERSION = YES;
				CLANG_WARN_OBJC_IMPLICIT_RETAIN_SELF = YES;
				CLANG_WARN_OBJC_LITERAL_CONVERSION = YES;
				CLANG_WARN_OBJC_ROOT_CLASS = YES_ERROR;
				CLANG_WARN_QUOTED_INCLUDE_IN_FRAMEWORK_HEADER = YES;
				CLANG_WARN_RANGE_LOOP_ANALYSIS = YES;
				CLANG_WARN_STRICT_PROTOTYPES = YES;
				CLANG_WARN_SUSPICIOUS_MOVE = YES;
				CLANG_WARN_UNGUARDED_AVAILABILITY = YES_AGGRESSIVE;
				CLANG_WARN_UNREACHABLE_CODE = YES;
				CLANG_WARN__DUPLICATE_METHOD_MATCH = YES;
				CODE_SIGNING_ALLOWED = NO;
				CODE_SIGNING_REQUIRED = NO;
				CODE_SIGN_IDENTITY = "";
				COPY_PHASE_STRIP = NO;
				DEBUG_INFORMATION_FORMAT = "dwarf-with-dsym";
				DEVELOPMENT_TEAM = "";
				ENABLE_NS_ASSERTIONS = NO;
				ENABLE_STRICT_OBJC_MSGSEND = YES;
				GCC_C_LANGUAGE_STANDARD = gnu11;
				GCC_NO_COMMON_BLOCKS = YES;
				GCC_WARN_64_TO_32_BIT_CONVERSION = YES;
				GCC_WARN_ABOUT_RETURN_TYPE = YES_ERROR;
				GCC_WARN_UNDECLARED_SELECTOR = YES;
				GCC_WARN_UNINITIALIZED_AUTOS = YES_AGGRESSIVE;
				GCC_WARN_UNUSED_FUNCTION = YES;
				GCC_WARN_UNUSED_VARIABLE = YES;
				IPHONEOS_DEPLOYMENT_TARGET = 16.0;
				MTL_ENABLE_DEBUG_INFO = NO;
				MTL_FAST_MATH = YES;
				PRODUCT_NAME = "$(TARGET_NAME)";
				SDKROOT = iphoneos;
				SWIFT_COMPILATION_MODE = wholemodule;
				SWIFT_OPTIMIZATION_LEVEL = "-O";
				SWIFT_VERSION = 5.0;
			};
			name = Release;
		};
/* End XCBuildConfiguration section */

/* Begin XCConfigurationList section */
		D2643D82EC3B2640ADC339F2 /* Build configuration list for PBXNativeTarget "BookStore" */ = {
			isa = XCConfigurationList;
			buildConfigurations = (
				3CA84988365C50E201131F64 /* Debug */,
				09DDF82E40D1A89120154364 /* Release */,
			);
			defaultConfigurationIsVisible = 0;
			defaultConfigurationName = Debug;
		};
		EE4B2603BA779DC73E3F556B /* Build configuration list for PBXProject "BookStore" */ = {
			isa = XCConfigurationList;
			buildConfigurations = (
				9A95CC25B1C139A4A5ADB52D /* Debug */,
				B7E6A2E9ACE6966F88BECE6D /* Release */,
			);
			defaultConfigurationIsVisible = 0;
			defaultConfigurationName = Debug;
		};
		FC17C99418B49FD57977BD71 /* Build configuration list for PBXNativeTarget "BookStoreTests" */ = {
			isa = XCConfigurationList;
			buildConfigurations = (
				01E8D8BDBB70D60FF3E8D6DA /* Debug */,
				58B8ADCB3AF523983B99E02A /* Release */,
			);
			defaultConfigurationIsVisible = 0;
			defaultConfigurationName = Debug;
		};
/* End XCConfigurationList section */
	};
	rootObject = B02E318B5CD14D5E4CA28471 /* Project object */;
}
